// !$*UTF8*$!
{
	archiveVersion = 1;
	classes = {
	};
	objectVersion = 50;
	objects = {

/* Begin PBXBuildFile section */
		286293DE5AEA626BBFA59160 /* Pods_TwitterKit5_Test.framework in Frameworks */ = {isa = PBXBuildFile; fileRef = 94077CBEC88F95E9EA74BB3C /* Pods_TwitterKit5_Test.framework */; };
		2933604D26E2BB89DA01C845 /* Pods_TwitterKit5_TestTests.framework in Frameworks */ = {isa = PBXBuildFile; fileRef = A75FFCCCC5E5A5428E1E25EF /* Pods_TwitterKit5_TestTests.framework */; };
		5E1376DD23E8C91A00BB0380 /* AppDelegate.swift in Sources */ = {isa = PBXBuildFile; fileRef = 5E1376DC23E8C91A00BB0380 /* AppDelegate.swift */; };
		5E1376DF23E8C91A00BB0380 /* SceneDelegate.swift in Sources */ = {isa = PBXBuildFile; fileRef = 5E1376DE23E8C91A00BB0380 /* SceneDelegate.swift */; };
		5E1376E123E8C91A00BB0380 /* ViewController.swift in Sources */ = {isa = PBXBuildFile; fileRef = 5E1376E023E8C91A00BB0380 /* ViewController.swift */; };
		5E1376E423E8C91A00BB0380 /* Main.storyboard in Resources */ = {isa = PBXBuildFile; fileRef = 5E1376E223E8C91A00BB0380 /* Main.storyboard */; };
		5E1376E623E8C91B00BB0380 /* Assets.xcassets in Resources */ = {isa = PBXBuildFile; fileRef = 5E1376E523E8C91B00BB0380 /* Assets.xcassets */; };
		5E1376E923E8C91B00BB0380 /* LaunchScreen.storyboard in Resources */ = {isa = PBXBuildFile; fileRef = 5E1376E723E8C91B00BB0380 /* LaunchScreen.storyboard */; };
		5E1376F423E8C91B00BB0380 /* TwitterKit5_TestTests.swift in Sources */ = {isa = PBXBuildFile; fileRef = 5E1376F323E8C91B00BB0380 /* TwitterKit5_TestTests.swift */; };
		5E1376FF23E8C91B00BB0380 /* TwitterKit5_TestUITests.swift in Sources */ = {isa = PBXBuildFile; fileRef = 5E1376FE23E8C91B00BB0380 /* TwitterKit5_TestUITests.swift */; };
		652DCB2B5E381FD8AF107199 /* Pods_TwitterKit5_Test_TwitterKit5_TestUITests.framework in Frameworks */ = {isa = PBXBuildFile; fileRef = 19D2E5C16E0C4498992BEDB9 /* Pods_TwitterKit5_Test_TwitterKit5_TestUITests.framework */; };
/* End PBXBuildFile section */

/* Begin PBXContainerItemProxy section */
		5E1376F023E8C91B00BB0380 /* PBXContainerItemProxy */ = {
			isa = PBXContainerItemProxy;
			containerPortal = 5E1376D123E8C91A00BB0380 /* Project object */;
			proxyType = 1;
			remoteGlobalIDString = 5E1376D823E8C91A00BB0380;
			remoteInfo = "TwitterKit5 Test";
		};
		5E1376FB23E8C91B00BB0380 /* PBXContainerItemProxy */ = {
			isa = PBXContainerItemProxy;
			containerPortal = 5E1376D123E8C91A00BB0380 /* Project object */;
			proxyType = 1;
			remoteGlobalIDString = 5E1376D823E8C91A00BB0380;
			remoteInfo = "TwitterKit5 Test";
		};
/* End PBXContainerItemProxy section */

/* Begin PBXFileReference section */
		19D2E5C16E0C4498992BEDB9 /* Pods_TwitterKit5_Test_TwitterKit5_TestUITests.framework */ = {isa = PBXFileReference; explicitFileType = wrapper.framework; includeInIndex = 0; path = Pods_TwitterKit5_Test_TwitterKit5_TestUITests.framework; sourceTree = BUILT_PRODUCTS_DIR; };
		1E1FD116A1CF39D46DEE2C6D /* Pods-TwitterKit5 TestTests.debug.xcconfig */ = {isa = PBXFileReference; includeInIndex = 1; lastKnownFileType = text.xcconfig; name = "Pods-TwitterKit5 TestTests.debug.xcconfig"; path = "Target Support Files/Pods-TwitterKit5 TestTests/Pods-TwitterKit5 TestTests.debug.xcconfig"; sourceTree = "<group>"; };
		2DB4AE892B1F763403C73207 /* Pods-TwitterKit5 Test.release.xcconfig */ = {isa = PBXFileReference; includeInIndex = 1; lastKnownFileType = text.xcconfig; name = "Pods-TwitterKit5 Test.release.xcconfig"; path = "Target Support Files/Pods-TwitterKit5 Test/Pods-TwitterKit5 Test.release.xcconfig"; sourceTree = "<group>"; };
		48C5BB6E6713ED6C4B7C7387 /* Pods-TwitterKit5 TestTests.release.xcconfig */ = {isa = PBXFileReference; includeInIndex = 1; lastKnownFileType = text.xcconfig; name = "Pods-TwitterKit5 TestTests.release.xcconfig"; path = "Target Support Files/Pods-TwitterKit5 TestTests/Pods-TwitterKit5 TestTests.release.xcconfig"; sourceTree = "<group>"; };
		5E1376D923E8C91A00BB0380 /* TwitterKit5 Test.app */ = {isa = PBXFileReference; explicitFileType = wrapper.application; includeInIndex = 0; path = "TwitterKit5 Test.app"; sourceTree = BUILT_PRODUCTS_DIR; };
		5E1376DC23E8C91A00BB0380 /* AppDelegate.swift */ = {isa = PBXFileReference; lastKnownFileType = sourcecode.swift; path = AppDelegate.swift; sourceTree = "<group>"; };
		5E1376DE23E8C91A00BB0380 /* SceneDelegate.swift */ = {isa = PBXFileReference; lastKnownFileType = sourcecode.swift; path = SceneDelegate.swift; sourceTree = "<group>"; };
		5E1376E023E8C91A00BB0380 /* ViewController.swift */ = {isa = PBXFileReference; lastKnownFileType = sourcecode.swift; path = ViewController.swift; sourceTree = "<group>"; };
		5E1376E323E8C91A00BB0380 /* Base */ = {isa = PBXFileReference; lastKnownFileType = file.storyboard; name = Base; path = Base.lproj/Main.storyboard; sourceTree = "<group>"; };
		5E1376E523E8C91B00BB0380 /* Assets.xcassets */ = {isa = PBXFileReference; lastKnownFileType = folder.assetcatalog; path = Assets.xcassets; sourceTree = "<group>"; };
		5E1376E823E8C91B00BB0380 /* Base */ = {isa = PBXFileReference; lastKnownFileType = file.storyboard; name = Base; path = Base.lproj/LaunchScreen.storyboard; sourceTree = "<group>"; };
		5E1376EA23E8C91B00BB0380 /* Info.plist */ = {isa = PBXFileReference; lastKnownFileType = text.plist.xml; path = Info.plist; sourceTree = "<group>"; };
		5E1376EF23E8C91B00BB0380 /* TwitterKit5 TestTests.xctest */ = {isa = PBXFileReference; explicitFileType = wrapper.cfbundle; includeInIndex = 0; path = "TwitterKit5 TestTests.xctest"; sourceTree = BUILT_PRODUCTS_DIR; };
		5E1376F323E8C91B00BB0380 /* TwitterKit5_TestTests.swift */ = {isa = PBXFileReference; lastKnownFileType = sourcecode.swift; path = TwitterKit5_TestTests.swift; sourceTree = "<group>"; };
		5E1376F523E8C91B00BB0380 /* Info.plist */ = {isa = PBXFileReference; lastKnownFileType = text.plist.xml; path = Info.plist; sourceTree = "<group>"; };
		5E1376FA23E8C91B00BB0380 /* TwitterKit5 TestUITests.xctest */ = {isa = PBXFileReference; explicitFileType = wrapper.cfbundle; includeInIndex = 0; path = "TwitterKit5 TestUITests.xctest"; sourceTree = BUILT_PRODUCTS_DIR; };
		5E1376FE23E8C91B00BB0380 /* TwitterKit5_TestUITests.swift */ = {isa = PBXFileReference; lastKnownFileType = sourcecode.swift; path = TwitterKit5_TestUITests.swift; sourceTree = "<group>"; };
		5E13770023E8C91B00BB0380 /* Info.plist */ = {isa = PBXFileReference; lastKnownFileType = text.plist.xml; path = Info.plist; sourceTree = "<group>"; };
		6BAC5A5833D4A8ED7FAEB468 /* Pods-TwitterKit5 Test-TwitterKit5 TestUITests.debug.xcconfig */ = {isa = PBXFileReference; includeInIndex = 1; lastKnownFileType = text.xcconfig; name = "Pods-TwitterKit5 Test-TwitterKit5 TestUITests.debug.xcconfig"; path = "Target Support Files/Pods-TwitterKit5 Test-TwitterKit5 TestUITests/Pods-TwitterKit5 Test-TwitterKit5 TestUITests.debug.xcconfig"; sourceTree = "<group>"; };
		86D54E7711F4E306802630F9 /* Pods-TwitterKit5 Test-TwitterKit5 TestUITests.release.xcconfig */ = {isa = PBXFileReference; includeInIndex = 1; lastKnownFileType = text.xcconfig; name = "Pods-TwitterKit5 Test-TwitterKit5 TestUITests.release.xcconfig"; path = "Target Support Files/Pods-TwitterKit5 Test-TwitterKit5 TestUITests/Pods-TwitterKit5 Test-TwitterKit5 TestUITests.release.xcconfig"; sourceTree = "<group>"; };
		94077CBEC88F95E9EA74BB3C /* Pods_TwitterKit5_Test.framework */ = {isa = PBXFileReference; explicitFileType = wrapper.framework; includeInIndex = 0; path = Pods_TwitterKit5_Test.framework; sourceTree = BUILT_PRODUCTS_DIR; };
		A75FFCCCC5E5A5428E1E25EF /* Pods_TwitterKit5_TestTests.framework */ = {isa = PBXFileReference; explicitFileType = wrapper.framework; includeInIndex = 0; path = Pods_TwitterKit5_TestTests.framework; sourceTree = BUILT_PRODUCTS_DIR; };
		AD053A63B5BDF7B02007A4A7 /* Pods-TwitterKit5 Test.debug.xcconfig */ = {isa = PBXFileReference; includeInIndex = 1; lastKnownFileType = text.xcconfig; name = "Pods-TwitterKit5 Test.debug.xcconfig"; path = "Target Support Files/Pods-TwitterKit5 Test/Pods-TwitterKit5 Test.debug.xcconfig"; sourceTree = "<group>"; };
/* End PBXFileReference section */

/* Begin PBXFrameworksBuildPhase section */
		5E1376D623E8C91A00BB0380 /* Frameworks */ = {
			isa = PBXFrameworksBuildPhase;
			buildActionMask = 2147483647;
			files = (
				286293DE5AEA626BBFA59160 /* Pods_TwitterKit5_Test.framework in Frameworks */,
			);
			runOnlyForDeploymentPostprocessing = 0;
		};
		5E1376EC23E8C91B00BB0380 /* Frameworks */ = {
			isa = PBXFrameworksBuildPhase;
			buildActionMask = 2147483647;
			files = (
				2933604D26E2BB89DA01C845 /* Pods_TwitterKit5_TestTests.framework in Frameworks */,
			);
			runOnlyForDeploymentPostprocessing = 0;
		};
		5E1376F723E8C91B00BB0380 /* Frameworks */ = {
			isa = PBXFrameworksBuildPhase;
			buildActionMask = 2147483647;
			files = (
				652DCB2B5E381FD8AF107199 /* Pods_TwitterKit5_Test_TwitterKit5_TestUITests.framework in Frameworks */,
			);
			runOnlyForDeploymentPostprocessing = 0;
		};
/* End PBXFrameworksBuildPhase section */

/* Begin PBXGroup section */
		0A08CBC743A965E215B4739B /* Frameworks */ = {
			isa = PBXGroup;
			children = (
				94077CBEC88F95E9EA74BB3C /* Pods_TwitterKit5_Test.framework */,
				19D2E5C16E0C4498992BEDB9 /* Pods_TwitterKit5_Test_TwitterKit5_TestUITests.framework */,
				A75FFCCCC5E5A5428E1E25EF /* Pods_TwitterKit5_TestTests.framework */,
			);
			name = Frameworks;
			sourceTree = "<group>";
		};
		5E1376D023E8C91A00BB0380 = {
			isa = PBXGroup;
			children = (
				5E1376DB23E8C91A00BB0380 /* TwitterKit5 Test */,
				5E1376F223E8C91B00BB0380 /* TwitterKit5 TestTests */,
				5E1376FD23E8C91B00BB0380 /* TwitterKit5 TestUITests */,
				5E1376DA23E8C91A00BB0380 /* Products */,
				8208DCB80F6902F12C7D5B4F /* Pods */,
				0A08CBC743A965E215B4739B /* Frameworks */,
			);
			sourceTree = "<group>";
		};
		5E1376DA23E8C91A00BB0380 /* Products */ = {
			isa = PBXGroup;
			children = (
				5E1376D923E8C91A00BB0380 /* TwitterKit5 Test.app */,
				5E1376EF23E8C91B00BB0380 /* TwitterKit5 TestTests.xctest */,
				5E1376FA23E8C91B00BB0380 /* TwitterKit5 TestUITests.xctest */,
			);
			name = Products;
			sourceTree = "<group>";
		};
		5E1376DB23E8C91A00BB0380 /* TwitterKit5 Test */ = {
			isa = PBXGroup;
			children = (
				5E1376DC23E8C91A00BB0380 /* AppDelegate.swift */,
				5E1376DE23E8C91A00BB0380 /* SceneDelegate.swift */,
				5E1376E023E8C91A00BB0380 /* ViewController.swift */,
				5E1376E223E8C91A00BB0380 /* Main.storyboard */,
				5E1376E523E8C91B00BB0380 /* Assets.xcassets */,
				5E1376E723E8C91B00BB0380 /* LaunchScreen.storyboard */,
				5E1376EA23E8C91B00BB0380 /* Info.plist */,
			);
			path = "TwitterKit5 Test";
			sourceTree = "<group>";
		};
		5E1376F223E8C91B00BB0380 /* TwitterKit5 TestTests */ = {
			isa = PBXGroup;
			children = (
				5E1376F323E8C91B00BB0380 /* TwitterKit5_TestTests.swift */,
				5E1376F523E8C91B00BB0380 /* Info.plist */,
			);
			path = "TwitterKit5 TestTests";
			sourceTree = "<group>";
		};
		5E1376FD23E8C91B00BB0380 /* TwitterKit5 TestUITests */ = {
			isa = PBXGroup;
			children = (
				5E1376FE23E8C91B00BB0380 /* TwitterKit5_TestUITests.swift */,
				5E13770023E8C91B00BB0380 /* Info.plist */,
			);
			path = "TwitterKit5 TestUITests";
			sourceTree = "<group>";
		};
		8208DCB80F6902F12C7D5B4F /* Pods */ = {
			isa = PBXGroup;
			children = (
				AD053A63B5BDF7B02007A4A7 /* Pods-TwitterKit5 Test.debug.xcconfig */,
				2DB4AE892B1F763403C73207 /* Pods-TwitterKit5 Test.release.xcconfig */,
				6BAC5A5833D4A8ED7FAEB468 /* Pods-TwitterKit5 Test-TwitterKit5 TestUITests.debug.xcconfig */,
				86D54E7711F4E306802630F9 /* Pods-TwitterKit5 Test-TwitterKit5 TestUITests.release.xcconfig */,
				1E1FD116A1CF39D46DEE2C6D /* Pods-TwitterKit5 TestTests.debug.xcconfig */,
				48C5BB6E6713ED6C4B7C7387 /* Pods-TwitterKit5 TestTests.release.xcconfig */,
			);
			name = Pods;
			path = Pods;
			sourceTree = "<group>";
		};
/* End PBXGroup section */

/* Begin PBXNativeTarget section */
		5E1376D823E8C91A00BB0380 /* TwitterKit5 Test */ = {
			isa = PBXNativeTarget;
			buildConfigurationList = 5E13770323E8C91B00BB0380 /* Build configuration list for PBXNativeTarget "TwitterKit5 Test" */;
			buildPhases = (
				8173A988B2760CA5892D1B88 /* [CP] Check Pods Manifest.lock */,
				5E1376D523E8C91A00BB0380 /* Sources */,
				5E1376D623E8C91A00BB0380 /* Frameworks */,
				5E1376D723E8C91A00BB0380 /* Resources */,
				88C791FE12F0A9F90547285F /* [CP] Embed Pods Frameworks */,
				2590BD19BA5B9CDECF1B88F1 /* [CP] Copy Pods Resources */,
			);
			buildRules = (
			);
			dependencies = (
			);
			name = "TwitterKit5 Test";
			productName = "TwitterKit5 Test";
			productReference = 5E1376D923E8C91A00BB0380 /* TwitterKit5 Test.app */;
			productType = "com.apple.product-type.application";
		};
		5E1376EE23E8C91B00BB0380 /* TwitterKit5 TestTests */ = {
			isa = PBXNativeTarget;
			buildConfigurationList = 5E13770623E8C91B00BB0380 /* Build configuration list for PBXNativeTarget "TwitterKit5 TestTests" */;
			buildPhases = (
				81F26682BB4B2948468E6DA0 /* [CP] Check Pods Manifest.lock */,
				5E1376EB23E8C91B00BB0380 /* Sources */,
				5E1376EC23E8C91B00BB0380 /* Frameworks */,
				5E1376ED23E8C91B00BB0380 /* Resources */,
			);
			buildRules = (
			);
			dependencies = (
				5E1376F123E8C91B00BB0380 /* PBXTargetDependency */,
			);
			name = "TwitterKit5 TestTests";
			productName = "TwitterKit5 TestTests";
			productReference = 5E1376EF23E8C91B00BB0380 /* TwitterKit5 TestTests.xctest */;
			productType = "com.apple.product-type.bundle.unit-test";
		};
		5E1376F923E8C91B00BB0380 /* TwitterKit5 TestUITests */ = {
			isa = PBXNativeTarget;
			buildConfigurationList = 5E13770923E8C91B00BB0380 /* Build configuration list for PBXNativeTarget "TwitterKit5 TestUITests" */;
			buildPhases = (
				EB41CE58FB1BFEC8A498B7DA /* [CP] Check Pods Manifest.lock */,
				5E1376F623E8C91B00BB0380 /* Sources */,
				5E1376F723E8C91B00BB0380 /* Frameworks */,
				5E1376F823E8C91B00BB0380 /* Resources */,
				2CDC00ACAD529AF7DD0B5B67 /* [CP] Embed Pods Frameworks */,
				E7F3E79182BBAF9D7BD2BFC9 /* [CP] Copy Pods Resources */,
			);
			buildRules = (
			);
			dependencies = (
				5E1376FC23E8C91B00BB0380 /* PBXTargetDependency */,
			);
			name = "TwitterKit5 TestUITests";
			productName = "TwitterKit5 TestUITests";
			productReference = 5E1376FA23E8C91B00BB0380 /* TwitterKit5 TestUITests.xctest */;
			productType = "com.apple.product-type.bundle.ui-testing";
		};
/* End PBXNativeTarget section */

/* Begin PBXProject section */
		5E1376D123E8C91A00BB0380 /* Project object */ = {
			isa = PBXProject;
			attributes = {
				LastSwiftUpdateCheck = 1130;
				LastUpgradeCheck = 1130;
				ORGANIZATIONNAME = "Catchy Labs";
				TargetAttributes = {
					5E1376D823E8C91A00BB0380 = {
						CreatedOnToolsVersion = 11.3.1;
					};
					5E1376EE23E8C91B00BB0380 = {
						CreatedOnToolsVersion = 11.3.1;
						TestTargetID = 5E1376D823E8C91A00BB0380;
					};
					5E1376F923E8C91B00BB0380 = {
						CreatedOnToolsVersion = 11.3.1;
						TestTargetID = 5E1376D823E8C91A00BB0380;
					};
				};
			};
			buildConfigurationList = 5E1376D423E8C91A00BB0380 /* Build configuration list for PBXProject "TwitterKit5 Test" */;
			compatibilityVersion = "Xcode 9.3";
			developmentRegion = en;
			hasScannedForEncodings = 0;
			knownRegions = (
				en,
				Base,
			);
			mainGroup = 5E1376D023E8C91A00BB0380;
			productRefGroup = 5E1376DA23E8C91A00BB0380 /* Products */;
			projectDirPath = "";
			projectRoot = "";
			targets = (
				5E1376D823E8C91A00BB0380 /* TwitterKit5 Test */,
				5E1376EE23E8C91B00BB0380 /* TwitterKit5 TestTests */,
				5E1376F923E8C91B00BB0380 /* TwitterKit5 TestUITests */,
			);
		};
/* End PBXProject section */

/* Begin PBXResourcesBuildPhase section */
		5E1376D723E8C91A00BB0380 /* Resources */ = {
			isa = PBXResourcesBuildPhase;
			buildActionMask = 2147483647;
			files = (
				5E1376E923E8C91B00BB0380 /* LaunchScreen.storyboard in Resources */,
				5E1376E623E8C91B00BB0380 /* Assets.xcassets in Resources */,
				5E1376E423E8C91A00BB0380 /* Main.storyboard in Resources */,
			);
			runOnlyForDeploymentPostprocessing = 0;
		};
		5E1376ED23E8C91B00BB0380 /* Resources */ = {
			isa = PBXResourcesBuildPhase;
			buildActionMask = 2147483647;
			files = (
			);
			runOnlyForDeploymentPostprocessing = 0;
		};
		5E1376F823E8C91B00BB0380 /* Resources */ = {
			isa = PBXResourcesBuildPhase;
			buildActionMask = 2147483647;
			files = (
			);
			runOnlyForDeploymentPostprocessing = 0;
		};
/* End PBXResourcesBuildPhase section */

/* Begin PBXShellScriptBuildPhase section */
		2590BD19BA5B9CDECF1B88F1 /* [CP] Copy Pods Resources */ = {
			isa = PBXShellScriptBuildPhase;
			buildActionMask = 2147483647;
			files = (
			);
			inputFileListPaths = (
				"${PODS_ROOT}/Target Support Files/Pods-TwitterKit5 Test/Pods-TwitterKit5 Test-resources-${CONFIGURATION}-input-files.xcfilelist",
			);
			name = "[CP] Copy Pods Resources";
			outputFileListPaths = (
				"${PODS_ROOT}/Target Support Files/Pods-TwitterKit5 Test/Pods-TwitterKit5 Test-resources-${CONFIGURATION}-output-files.xcfilelist",
			);
			runOnlyForDeploymentPostprocessing = 0;
			shellPath = /bin/sh;
			shellScript = "\"${PODS_ROOT}/Target Support Files/Pods-TwitterKit5 Test/Pods-TwitterKit5 Test-resources.sh\"\n";
			showEnvVarsInLog = 0;
		};
		2CDC00ACAD529AF7DD0B5B67 /* [CP] Embed Pods Frameworks */ = {
			isa = PBXShellScriptBuildPhase;
			buildActionMask = 2147483647;
			files = (
			);
			inputFileListPaths = (
				"${PODS_ROOT}/Target Support Files/Pods-TwitterKit5 Test-TwitterKit5 TestUITests/Pods-TwitterKit5 Test-TwitterKit5 TestUITests-frameworks-${CONFIGURATION}-input-files.xcfilelist",
			);
			name = "[CP] Embed Pods Frameworks";
			outputFileListPaths = (
				"${PODS_ROOT}/Target Support Files/Pods-TwitterKit5 Test-TwitterKit5 TestUITests/Pods-TwitterKit5 Test-TwitterKit5 TestUITests-frameworks-${CONFIGURATION}-output-files.xcfilelist",
			);
			runOnlyForDeploymentPostprocessing = 0;
			shellPath = /bin/sh;
			shellScript = "\"${PODS_ROOT}/Target Support Files/Pods-TwitterKit5 Test-TwitterKit5 TestUITests/Pods-TwitterKit5 Test-TwitterKit5 TestUITests-frameworks.sh\"\n";
			showEnvVarsInLog = 0;
		};
		8173A988B2760CA5892D1B88 /* [CP] Check Pods Manifest.lock */ = {
			isa = PBXShellScriptBuildPhase;
			buildActionMask = 2147483647;
			files = (
			);
			inputFileListPaths = (
			);
			inputPaths = (
				"${PODS_PODFILE_DIR_PATH}/Podfile.lock",
				"${PODS_ROOT}/Manifest.lock",
			);
			name = "[CP] Check Pods Manifest.lock";
			outputFileListPaths = (
			);
			outputPaths = (
				"$(DERIVED_FILE_DIR)/Pods-TwitterKit5 Test-checkManifestLockResult.txt",
			);
			runOnlyForDeploymentPostprocessing = 0;
			shellPath = /bin/sh;
			shellScript = "diff \"${PODS_PODFILE_DIR_PATH}/Podfile.lock\" \"${PODS_ROOT}/Manifest.lock\" > /dev/null\nif [ $? != 0 ] ; then\n    # print error to STDERR\n    echo \"error: The sandbox is not in sync with the Podfile.lock. Run 'pod install' or update your CocoaPods installation.\" >&2\n    exit 1\nfi\n# This output is used by Xcode 'outputs' to avoid re-running this script phase.\necho \"SUCCESS\" > \"${SCRIPT_OUTPUT_FILE_0}\"\n";
			showEnvVarsInLog = 0;
		};
		81F26682BB4B2948468E6DA0 /* [CP] Check Pods Manifest.lock */ = {
			isa = PBXShellScriptBuildPhase;
			buildActionMask = 2147483647;
			files = (
			);
			inputFileListPaths = (
			);
			inputPaths = (
				"${PODS_PODFILE_DIR_PATH}/Podfile.lock",
				"${PODS_ROOT}/Manifest.lock",
			);
			name = "[CP] Check Pods Manifest.lock";
			outputFileListPaths = (
			);
			outputPaths = (
				"$(DERIVED_FILE_DIR)/Pods-TwitterKit5 TestTests-checkManifestLockResult.txt",
			);
			runOnlyForDeploymentPostprocessing = 0;
			shellPath = /bin/sh;
			shellScript = "diff \"${PODS_PODFILE_DIR_PATH}/Podfile.lock\" \"${PODS_ROOT}/Manifest.lock\" > /dev/null\nif [ $? != 0 ] ; then\n    # print error to STDERR\n    echo \"error: The sandbox is not in sync with the Podfile.lock. Run 'pod install' or update your CocoaPods installation.\" >&2\n    exit 1\nfi\n# This output is used by Xcode 'outputs' to avoid re-running this script phase.\necho \"SUCCESS\" > \"${SCRIPT_OUTPUT_FILE_0}\"\n";
			showEnvVarsInLog = 0;
		};
		88C791FE12F0A9F90547285F /* [CP] Embed Pods Frameworks */ = {
			isa = PBXShellScriptBuildPhase;
			buildActionMask = 2147483647;
			files = (
			);
			inputFileListPaths = (
				"${PODS_ROOT}/Target Support Files/Pods-TwitterKit5 Test/Pods-TwitterKit5 Test-frameworks-${CONFIGURATION}-input-files.xcfilelist",
			);
			name = "[CP] Embed Pods Frameworks";
			outputFileListPaths = (
				"${PODS_ROOT}/Target Support Files/Pods-TwitterKit5 Test/Pods-TwitterKit5 Test-frameworks-${CONFIGURATION}-output-files.xcfilelist",
			);
			runOnlyForDeploymentPostprocessing = 0;
			shellPath = /bin/sh;
			shellScript = "\"${PODS_ROOT}/Target Support Files/Pods-TwitterKit5 Test/Pods-TwitterKit5 Test-frameworks.sh\"\n";
			showEnvVarsInLog = 0;
		};
		E7F3E79182BBAF9D7BD2BFC9 /* [CP] Copy Pods Resources */ = {
			isa = PBXShellScriptBuildPhase;
			buildActionMask = 2147483647;
			files = (
			);
			inputFileListPaths = (
				"${PODS_ROOT}/Target Support Files/Pods-TwitterKit5 Test-TwitterKit5 TestUITests/Pods-TwitterKit5 Test-TwitterKit5 TestUITests-resources-${CONFIGURATION}-input-files.xcfilelist",
			);
			name = "[CP] Copy Pods Resources";
			outputFileListPaths = (
				"${PODS_ROOT}/Target Support Files/Pods-TwitterKit5 Test-TwitterKit5 TestUITests/Pods-TwitterKit5 Test-TwitterKit5 TestUITests-resources-${CONFIGURATION}-output-files.xcfilelist",
			);
			runOnlyForDeploymentPostprocessing = 0;
			shellPath = /bin/sh;
			shellScript = "\"${PODS_ROOT}/Target Support Files/Pods-TwitterKit5 Test-TwitterKit5 TestUITests/Pods-TwitterKit5 Test-TwitterKit5 TestUITests-resources.sh\"\n";
			showEnvVarsInLog = 0;
		};
		EB41CE58FB1BFEC8A498B7DA /* [CP] Check Pods Manifest.lock */ = {
			isa = PBXShellScriptBuildPhase;
			buildActionMask = 2147483647;
			files = (
			);
			inputFileListPaths = (
			);
			inputPaths = (
				"${PODS_PODFILE_DIR_PATH}/Podfile.lock",
				"${PODS_ROOT}/Manifest.lock",
			);
			name = "[CP] Check Pods Manifest.lock";
			outputFileListPaths = (
			);
			outputPaths = (
				"$(DERIVED_FILE_DIR)/Pods-TwitterKit5 Test-TwitterKit5 TestUITests-checkManifestLockResult.txt",
			);
			runOnlyForDeploymentPostprocessing = 0;
			shellPath = /bin/sh;
			shellScript = "diff \"${PODS_PODFILE_DIR_PATH}/Podfile.lock\" \"${PODS_ROOT}/Manifest.lock\" > /dev/null\nif [ $? != 0 ] ; then\n    # print error to STDERR\n    echo \"error: The sandbox is not in sync with the Podfile.lock. Run 'pod install' or update your CocoaPods installation.\" >&2\n    exit 1\nfi\n# This output is used by Xcode 'outputs' to avoid re-running this script phase.\necho \"SUCCESS\" > \"${SCRIPT_OUTPUT_FILE_0}\"\n";
			showEnvVarsInLog = 0;
		};
/* End PBXShellScriptBuildPhase section */

/* Begin PBXSourcesBuildPhase section */
		5E1376D523E8C91A00BB0380 /* Sources */ = {
			isa = PBXSourcesBuildPhase;
			buildActionMask = 2147483647;
			files = (
				5E1376E123E8C91A00BB0380 /* ViewController.swift in Sources */,
				5E1376DD23E8C91A00BB0380 /* AppDelegate.swift in Sources */,
				5E1376DF23E8C91A00BB0380 /* SceneDelegate.swift in Sources */,
			);
			runOnlyForDeploymentPostprocessing = 0;
		};
		5E1376EB23E8C91B00BB0380 /* Sources */ = {
			isa = PBXSourcesBuildPhase;
			buildActionMask = 2147483647;
			files = (
				5E1376F423E8C91B00BB0380 /* TwitterKit5_TestTests.swift in Sources */,
			);
			runOnlyForDeploymentPostprocessing = 0;
		};
		5E1376F623E8C91B00BB0380 /* Sources */ = {
			isa = PBXSourcesBuildPhase;
			buildActionMask = 2147483647;
			files = (
				5E1376FF23E8C91B00BB0380 /* TwitterKit5_TestUITests.swift in Sources */,
			);
			runOnlyForDeploymentPostprocessing = 0;
		};
/* End PBXSourcesBuildPhase section */

/* Begin PBXTargetDependency section */
		5E1376F123E8C91B00BB0380 /* PBXTargetDependency */ = {
			isa = PBXTargetDependency;
			target = 5E1376D823E8C91A00BB0380 /* TwitterKit5 Test */;
			targetProxy = 5E1376F023E8C91B00BB0380 /* PBXContainerItemProxy */;
		};
		5E1376FC23E8C91B00BB0380 /* PBXTargetDependency */ = {
			isa = PBXTargetDependency;
			target = 5E1376D823E8C91A00BB0380 /* TwitterKit5 Test */;
			targetProxy = 5E1376FB23E8C91B00BB0380 /* PBXContainerItemProxy */;
		};
/* End PBXTargetDependency section */

/* Begin PBXVariantGroup section */
		5E1376E223E8C91A00BB0380 /* Main.storyboard */ = {
			isa = PBXVariantGroup;
			children = (
				5E1376E323E8C91A00BB0380 /* Base */,
			);
			name = Main.storyboard;
			sourceTree = "<group>";
		};
		5E1376E723E8C91B00BB0380 /* LaunchScreen.storyboard */ = {
			isa = PBXVariantGroup;
			children = (
				5E1376E823E8C91B00BB0380 /* Base */,
			);
			name = LaunchScreen.storyboard;
			sourceTree = "<group>";
		};
/* End PBXVariantGroup section */

/* Begin XCBuildConfiguration section */
		5E13770123E8C91B00BB0380 /* Debug */ = {
			isa = XCBuildConfiguration;
			buildSettings = {
				ALWAYS_SEARCH_USER_PATHS = NO;
				CLANG_ANALYZER_NONNULL = YES;
				CLANG_ANALYZER_NUMBER_OBJECT_CONVERSION = YES_AGGRESSIVE;
				CLANG_CXX_LANGUAGE_STANDARD = "gnu++14";
				CLANG_CXX_LIBRARY = "libc++";
				CLANG_ENABLE_MODULES = YES;
				CLANG_ENABLE_OBJC_ARC = YES;
				CLANG_ENABLE_OBJC_WEAK = YES;
				CLANG_WARN_BLOCK_CAPTURE_AUTORELEASING = YES;
				CLANG_WARN_BOOL_CONVERSION = YES;
				CLANG_WARN_COMMA = YES;
				CLANG_WARN_CONSTANT_CONVERSION = YES;
				CLANG_WARN_DEPRECATED_OBJC_IMPLEMENTATIONS = YES;
				CLANG_WARN_DIRECT_OBJC_ISA_USAGE = YES_ERROR;
				CLANG_WARN_DOCUMENTATION_COMMENTS = YES;
				CLANG_WARN_EMPTY_BODY = YES;
				CLANG_WARN_ENUM_CONVERSION = YES;
				CLANG_WARN_INFINITE_RECURSION = YES;
				CLANG_WARN_INT_CONVERSION = YES;
				CLANG_WARN_NON_LITERAL_NULL_CONVERSION = YES;
				CLANG_WARN_OBJC_IMPLICIT_RETAIN_SELF = YES;
				CLANG_WARN_OBJC_LITERAL_CONVERSION = YES;
				CLANG_WARN_OBJC_ROOT_CLASS = YES_ERROR;
				CLANG_WARN_RANGE_LOOP_ANALYSIS = YES;
				CLANG_WARN_STRICT_PROTOTYPES = YES;
				CLANG_WARN_SUSPICIOUS_MOVE = YES;
				CLANG_WARN_UNGUARDED_AVAILABILITY = YES_AGGRESSIVE;
				CLANG_WARN_UNREACHABLE_CODE = YES;
				CLANG_WARN__DUPLICATE_METHOD_MATCH = YES;
				COPY_PHASE_STRIP = NO;
				DEBUG_INFORMATION_FORMAT = dwarf;
				ENABLE_STRICT_OBJC_MSGSEND = YES;
				ENABLE_TESTABILITY = YES;
				GCC_C_LANGUAGE_STANDARD = gnu11;
				GCC_DYNAMIC_NO_PIC = NO;
				GCC_NO_COMMON_BLOCKS = YES;
				GCC_OPTIMIZATION_LEVEL = 0;
				GCC_PREPROCESSOR_DEFINITIONS = (
					"DEBUG=1",
					"$(inherited)",
				);
				GCC_WARN_64_TO_32_BIT_CONVERSION = YES;
				GCC_WARN_ABOUT_RETURN_TYPE = YES_ERROR;
				GCC_WARN_UNDECLARED_SELECTOR = YES;
				GCC_WARN_UNINITIALIZED_AUTOS = YES_AGGRESSIVE;
				GCC_WARN_UNUSED_FUNCTION = YES;
				GCC_WARN_UNUSED_VARIABLE = YES;
				IPHONEOS_DEPLOYMENT_TARGET = 13.2;
				MTL_ENABLE_DEBUG_INFO = INCLUDE_SOURCE;
				MTL_FAST_MATH = YES;
				ONLY_ACTIVE_ARCH = YES;
				SDKROOT = iphoneos;
				SWIFT_ACTIVE_COMPILATION_CONDITIONS = DEBUG;
				SWIFT_OPTIMIZATION_LEVEL = "-Onone";
			};
			name = Debug;
		};
		5E13770223E8C91B00BB0380 /* Release */ = {
			isa = XCBuildConfiguration;
			buildSettings = {
				ALWAYS_SEARCH_USER_PATHS = NO;
				CLANG_ANALYZER_NONNULL = YES;
				CLANG_ANALYZER_NUMBER_OBJECT_CONVERSION = YES_AGGRESSIVE;
				CLANG_CXX_LANGUAGE_STANDARD = "gnu++14";
				CLANG_CXX_LIBRARY = "libc++";
				CLANG_ENABLE_MODULES = YES;
				CLANG_ENABLE_OBJC_ARC = YES;
				CLANG_ENABLE_OBJC_WEAK = YES;
				CLANG_WARN_BLOCK_CAPTURE_AUTORELEASING = YES;
				CLANG_WARN_BOOL_CONVERSION = YES;
				CLANG_WARN_COMMA = YES;
				CLANG_WARN_CONSTANT_CONVERSION = YES;
				CLANG_WARN_DEPRECATED_OBJC_IMPLEMENTATIONS = YES;
				CLANG_WARN_DIRECT_OBJC_ISA_USAGE = YES_ERROR;
				CLANG_WARN_DOCUMENTATION_COMMENTS = YES;
				CLANG_WARN_EMPTY_BODY = YES;
				CLANG_WARN_ENUM_CONVERSION = YES;
				CLANG_WARN_INFINITE_RECURSION = YES;
				CLANG_WARN_INT_CONVERSION = YES;
				CLANG_WARN_NON_LITERAL_NULL_CONVERSION = YES;
				CLANG_WARN_OBJC_IMPLICIT_RETAIN_SELF = YES;
				CLANG_WARN_OBJC_LITERAL_CONVERSION = YES;
				CLANG_WARN_OBJC_ROOT_CLASS = YES_ERROR;
				CLANG_WARN_RANGE_LOOP_ANALYSIS = YES;
				CLANG_WARN_STRICT_PROTOTYPES = YES;
				CLANG_WARN_SUSPICIOUS_MOVE = YES;
				CLANG_WARN_UNGUARDED_AVAILABILITY = YES_AGGRESSIVE;
				CLANG_WARN_UNREACHABLE_CODE = YES;
				CLANG_WARN__DUPLICATE_METHOD_MATCH = YES;
				COPY_PHASE_STRIP = NO;
				DEBUG_INFORMATION_FORMAT = "dwarf-with-dsym";
				ENABLE_NS_ASSERTIONS = NO;
				ENABLE_STRICT_OBJC_MSGSEND = YES;
				GCC_C_LANGUAGE_STANDARD = gnu11;
				GCC_NO_COMMON_BLOCKS = YES;
				GCC_WARN_64_TO_32_BIT_CONVERSION = YES;
				GCC_WARN_ABOUT_RETURN_TYPE = YES_ERROR;
				GCC_WARN_UNDECLARED_SELECTOR = YES;
				GCC_WARN_UNINITIALIZED_AUTOS = YES_AGGRESSIVE;
				GCC_WARN_UNUSED_FUNCTION = YES;
				GCC_WARN_UNUSED_VARIABLE = YES;
				IPHONEOS_DEPLOYMENT_TARGET = 13.2;
				MTL_ENABLE_DEBUG_INFO = NO;
				MTL_FAST_MATH = YES;
				SDKROOT = iphoneos;
				SWIFT_COMPILATION_MODE = wholemodule;
				SWIFT_OPTIMIZATION_LEVEL = "-O";
				VALIDATE_PRODUCT = YES;
			};
			name = Release;
		};
		5E13770423E8C91B00BB0380 /* Debug */ = {
			isa = XCBuildConfiguration;
			baseConfigurationReference = AD053A63B5BDF7B02007A4A7 /* Pods-TwitterKit5 Test.debug.xcconfig */;
			buildSettings = {
				ASSETCATALOG_COMPILER_APPICON_NAME = AppIcon;
				CODE_SIGN_STYLE = Automatic;
				DEVELOPMENT_TEAM = T2Z6C2M2QY;
				INFOPLIST_FILE = "TwitterKit5 Test/Info.plist";
				LD_RUNPATH_SEARCH_PATHS = (
					"$(inherited)",
					"@executable_path/Frameworks",
				);
				PRODUCT_BUNDLE_IDENTIFIER = "com.catchylabs.TwitterKit5-Test";
				PRODUCT_NAME = "$(TARGET_NAME)";
				SWIFT_VERSION = 5.0;
				TARGETED_DEVICE_FAMILY = "1,2";
			};
			name = Debug;
		};
		5E13770523E8C91B00BB0380 /* Release */ = {
			isa = XCBuildConfiguration;
			baseConfigurationReference = 2DB4AE892B1F763403C73207 /* Pods-TwitterKit5 Test.release.xcconfig */;
			buildSettings = {
				ASSETCATALOG_COMPILER_APPICON_NAME = AppIcon;
				CODE_SIGN_STYLE = Automatic;
				DEVELOPMENT_TEAM = T2Z6C2M2QY;
				INFOPLIST_FILE = "TwitterKit5 Test/Info.plist";
				LD_RUNPATH_SEARCH_PATHS = (
					"$(inherited)",
					"@executable_path/Frameworks",
				);
				PRODUCT_BUNDLE_IDENTIFIER = "com.catchylabs.TwitterKit5-Test";
				PRODUCT_NAME = "$(TARGET_NAME)";
				SWIFT_VERSION = 5.0;
				TARGETED_DEVICE_FAMILY = "1,2";
			};
			name = Release;
		};
		5E13770723E8C91B00BB0380 /* Debug */ = {
			isa = XCBuildConfiguration;
			baseConfigurationReference = 1E1FD116A1CF39D46DEE2C6D /* Pods-TwitterKit5 TestTests.debug.xcconfig */;
			buildSettings = {
				ALWAYS_EMBED_SWIFT_STANDARD_LIBRARIES = YES;
				BUNDLE_LOADER = "$(TEST_HOST)";
				CODE_SIGN_STYLE = Automatic;
				DEVELOPMENT_TEAM = T2Z6C2M2QY;
				INFOPLIST_FILE = "TwitterKit5 TestTests/Info.plist";
				IPHONEOS_DEPLOYMENT_TARGET = 13.2;
				LD_RUNPATH_SEARCH_PATHS = (
					"$(inherited)",
					"@executable_path/Frameworks",
					"@loader_path/Frameworks",
				);
				PRODUCT_BUNDLE_IDENTIFIER = "com.catchylabs.TwitterKit5-TestTests";
				PRODUCT_NAME = "$(TARGET_NAME)";
				SWIFT_VERSION = 5.0;
				TARGETED_DEVICE_FAMILY = "1,2";
				TEST_HOST = "$(BUILT_PRODUCTS_DIR)/TwitterKit5 Test.app/TwitterKit5 Test";
			};
			name = Debug;
		};
		5E13770823E8C91B00BB0380 /* Release */ = {
			isa = XCBuildConfiguration;
			baseConfigurationReference = 48C5BB6E6713ED6C4B7C7387 /* Pods-TwitterKit5 TestTests.release.xcconfig */;
			buildSettings = {
				ALWAYS_EMBED_SWIFT_STANDARD_LIBRARIES = YES;
				BUNDLE_LOADER = "$(TEST_HOST)";
				CODE_SIGN_STYLE = Automatic;
				DEVELOPMENT_TEAM = T2Z6C2M2QY;
				INFOPLIST_FILE = "TwitterKit5 TestTests/Info.plist";
				IPHONEOS_DEPLOYMENT_TARGET = 13.2;
				LD_RUNPATH_SEARCH_PATHS = (
					"$(inherited)",
					"@executable_path/Frameworks",
					"@loader_path/Frameworks",
				);
				PRODUCT_BUNDLE_IDENTIFIER = "com.catchylabs.TwitterKit5-TestTests";
				PRODUCT_NAME = "$(TARGET_NAME)";
				SWIFT_VERSION = 5.0;
				TARGETED_DEVICE_FAMILY = "1,2";
				TEST_HOST = "$(BUILT_PRODUCTS_DIR)/TwitterKit5 Test.app/TwitterKit5 Test";
			};
			name = Release;
		};
		5E13770A23E8C91B00BB0380 /* Debug */ = {
			isa = XCBuildConfiguration;
			baseConfigurationReference = 6BAC5A5833D4A8ED7FAEB468 /* Pods-TwitterKit5 Test-TwitterKit5 TestUITests.debug.xcconfig */;
			buildSettings = {
				ALWAYS_EMBED_SWIFT_STANDARD_LIBRARIES = YES;
				CODE_SIGN_STYLE = Automatic;
				DEVELOPMENT_TEAM = T2Z6C2M2QY;
				INFOPLIST_FILE = "TwitterKit5 TestUITests/Info.plist";
				LD_RUNPATH_SEARCH_PATHS = (
					"$(inherited)",
					"@executable_path/Frameworks",
					"@loader_path/Frameworks",
				);
				PRODUCT_BUNDLE_IDENTIFIER = "com.catchylabs.TwitterKit5-TestUITests";
				PRODUCT_NAME = "$(TARGET_NAME)";
				SWIFT_VERSION = 5.0;
				TARGETED_DEVICE_FAMILY = "1,2";
				TEST_TARGET_NAME = "TwitterKit5 Test";
			};
			name = Debug;
		};
		5E13770B23E8C91B00BB0380 /* Release */ = {
			isa = XCBuildConfiguration;
			baseConfigurationReference = 86D54E7711F4E306802630F9 /* Pods-TwitterKit5 Test-TwitterKit5 TestUITests.release.xcconfig */;
			buildSettings = {
				ALWAYS_EMBED_SWIFT_STANDARD_LIBRARIES = YES;
				CODE_SIGN_STYLE = Automatic;
				DEVELOPMENT_TEAM = T2Z6C2M2QY;
				INFOPLIST_FILE = "TwitterKit5 TestUITests/Info.plist";
				LD_RUNPATH_SEARCH_PATHS = (
					"$(inherited)",
					"@executable_path/Frameworks",
					"@loader_path/Frameworks",
				);
				PRODUCT_BUNDLE_IDENTIFIER = "com.catchylabs.TwitterKit5-TestUITests";
				PRODUCT_NAME = "$(TARGET_NAME)";
				SWIFT_VERSION = 5.0;
				TARGETED_DEVICE_FAMILY = "1,2";
				TEST_TARGET_NAME = "TwitterKit5 Test";
			};
			name = Release;
		};
/* End XCBuildConfiguration section */

/* Begin XCConfigurationList section */
		5E1376D423E8C91A00BB0380 /* Build configuration list for PBXProject "TwitterKit5 Test" */ = {
			isa = XCConfigurationList;
			buildConfigurations = (
				5E13770123E8C91B00BB0380 /* Debug */,
				5E13770223E8C91B00BB0380 /* Release */,
			);
			defaultConfigurationIsVisible = 0;
			defaultConfigurationName = Release;
		};
		5E13770323E8C91B00BB0380 /* Build configuration list for PBXNativeTarget "TwitterKit5 Test" */ = {
			isa = XCConfigurationList;
			buildConfigurations = (
				5E13770423E8C91B00BB0380 /* Debug */,
				5E13770523E8C91B00BB0380 /* Release */,
			);
			defaultConfigurationIsVisible = 0;
			defaultConfigurationName = Release;
		};
		5E13770623E8C91B00BB0380 /* Build configuration list for PBXNativeTarget "TwitterKit5 TestTests" */ = {
			isa = XCConfigurationList;
			buildConfigurations = (
				5E13770723E8C91B00BB0380 /* Debug */,
				5E13770823E8C91B00BB0380 /* Release */,
			);
			defaultConfigurationIsVisible = 0;
			defaultConfigurationName = Release;
		};
		5E13770923E8C91B00BB0380 /* Build configuration list for PBXNativeTarget "TwitterKit5 TestUITests" */ = {
			isa = XCConfigurationList;
			buildConfigurations = (
				5E13770A23E8C91B00BB0380 /* Debug */,
				5E13770B23E8C91B00BB0380 /* Release */,
			);
			defaultConfigurationIsVisible = 0;
			defaultConfigurationName = Release;
		};
/* End XCConfigurationList section */
	};
	rootObject = 5E1376D123E8C91A00BB0380 /* Project object */;
}
